
Microsoft Visual Studio Solution File, Format Version 12.00
# Visual Studio Version 17
VisualStudioVersion = 17.11.35303.130
MinimumVisualStudioVersion = 10.0.40219.1
Project("{FAE04EC0-301F-11D3-BF4B-00C04F79EFBC}") = "ConsoleApp1", "ConsoleApp1\ConsoleApp1.csproj", "{FED52163-845C-4DA5-AF93-FC114EFCF8CF}"
EndProject
Global
	GlobalSection(SolutionConfigurationPlatforms) = preSolution
		Debug|Any CPU = Debug|Any CPU
		Release|Any CPU = Release|Any CPU
	EndGlobalSection
	GlobalSection(ProjectConfigurationPlatforms) = postSolution
		{FED52163-845C-4DA5-AF93-FC114EFCF8CF}.Debug|Any CPU.ActiveCfg = Debug|Any CPU
		{FED52163-845C-4DA5-AF93-FC114EFCF8CF}.Debug|Any CPU.Build.0 = Debug|Any CPU
		{FED52163-845C-4DA5-AF93-FC114EFCF8CF}.Release|Any CPU.ActiveCfg = Release|Any CPU
		{FED52163-845C-4DA5-AF93-FC114EFCF8CF}.Release|Any CPU.Build.0 = Release|Any CPU
	EndGlobalSection
	GlobalSection(SolutionProperties) = preSolution
		HideSolutionNode = FALSE
	EndGlobalSection
	GlobalSection(ExtensibilityGlobals) = postSolution
		SolutionGuid = {C77F1AB1-94C1-49F3-BC27-122B905E71B8}
	EndGlobalSection
EndGlobal
