
Microsoft Visual Studio Solution File, Format Version 12.00
# Visual Studio Version 17
VisualStudioVersion = 17.11.35303.130
MinimumVisualStudioVersion = 10.0.40219.1
Project("{FAE04EC0-301F-11D3-BF4B-00C04F79EFBC}") = "ConsoleApp1", "ConsoleApp1\ConsoleApp1.csproj", "{FED52163-845C-4DA5-AF93-FC114EFCF8CF}"
EndProject
Project("{FAE04EC0-301F-11D3-BF4B-00C04F79EFBC}") = "DataTypes", "DataTypes\DataTypes.csproj", "{5D145155-9C2A-4894-89C6-24E243D40D11}"
EndProject
Project("{FAE04EC0-301F-11D3-BF4B-00C04F79EFBC}") = "Literals", "Literals\Literals.csproj", "{C042C160-43A0-423A-8804-361028834AA4}"
EndProject
Project("{FAE04EC0-301F-11D3-BF4B-00C04F79EFBC}") = "VariablesDemo", "VariablesDemo\VariablesDemo.csproj", "{402E3ABD-3D22-4629-B7E2-65FCCBD540A9}"
EndProject
Project("{FAE04EC0-301F-11D3-BF4B-00C04F79EFBC}") = "Conditions", "Conditions\Conditions.csproj", "{A14AF117-7B7D-4204-9E45-94BA5D44D2E7}"
EndProject
Project("{FAE04EC0-301F-11D3-BF4B-00C04F79EFBC}") = "Loops", "Loops\Loops.csproj", "{4F80994F-1DC3-4358-97F6-C334F50EE2A9}"
EndProject
Project("{FAE04EC0-301F-11D3-BF4B-00C04F79EFBC}") = "functionsdemo", "functionsdemo\functionsdemo.csproj", "{F213181C-89D2-48DC-B7E4-F186AA8D11BF}"
EndProject
Project("{FAE04EC0-301F-11D3-BF4B-00C04F79EFBC}") = "StudentsResultManagementSystem", "StudentsResultManagementSystem\StudentsResultManagementSystem.csproj", "{9A4A1EEE-AC00-4170-9902-FCC8E79616C8}"
EndProject
Global
	GlobalSection(SolutionConfigurationPlatforms) = preSolution
		Debug|Any CPU = Debug|Any CPU
		Release|Any CPU = Release|Any CPU
	EndGlobalSection
	GlobalSection(ProjectConfigurationPlatforms) = postSolution
		{FED52163-845C-4DA5-AF93-FC114EFCF8CF}.Debug|Any CPU.ActiveCfg = Debug|Any CPU
		{FED52163-845C-4DA5-AF93-FC114EFCF8CF}.Debug|Any CPU.Build.0 = Debug|Any CPU
		{FED52163-845C-4DA5-AF93-FC114EFCF8CF}.Release|Any CPU.ActiveCfg = Release|Any CPU
		{FED52163-845C-4DA5-AF93-FC114EFCF8CF}.Release|Any CPU.Build.0 = Release|Any CPU
		{5D145155-9C2A-4894-89C6-24E243D40D11}.Debug|Any CPU.ActiveCfg = Debug|Any CPU
		{5D145155-9C2A-4894-89C6-24E243D40D11}.Debug|Any CPU.Build.0 = Debug|Any CPU
		{5D145155-9C2A-4894-89C6-24E243D40D11}.Release|Any CPU.ActiveCfg = Release|Any CPU
		{5D145155-9C2A-4894-89C6-24E243D40D11}.Release|Any CPU.Build.0 = Release|Any CPU
		{C042C160-43A0-423A-8804-361028834AA4}.Debug|Any CPU.ActiveCfg = Debug|Any CPU
		{C042C160-43A0-423A-8804-361028834AA4}.Debug|Any CPU.Build.0 = Debug|Any CPU
		{C042C160-43A0-423A-8804-361028834AA4}.Release|Any CPU.ActiveCfg = Release|Any CPU
		{C042C160-43A0-423A-8804-361028834AA4}.Release|Any CPU.Build.0 = Release|Any CPU
		{402E3ABD-3D22-4629-B7E2-65FCCBD540A9}.Debug|Any CPU.ActiveCfg = Debug|Any CPU
		{402E3ABD-3D22-4629-B7E2-65FCCBD540A9}.Debug|Any CPU.Build.0 = Debug|Any CPU
		{402E3ABD-3D22-4629-B7E2-65FCCBD540A9}.Release|Any CPU.ActiveCfg = Release|Any CPU
		{402E3ABD-3D22-4629-B7E2-65FCCBD540A9}.Release|Any CPU.Build.0 = Release|Any CPU
		{A14AF117-7B7D-4204-9E45-94BA5D44D2E7}.Debug|Any CPU.ActiveCfg = Debug|Any CPU
		{A14AF117-7B7D-4204-9E45-94BA5D44D2E7}.Debug|Any CPU.Build.0 = Debug|Any CPU
		{A14AF117-7B7D-4204-9E45-94BA5D44D2E7}.Release|Any CPU.ActiveCfg = Release|Any CPU
		{A14AF117-7B7D-4204-9E45-94BA5D44D2E7}.Release|Any CPU.Build.0 = Release|Any CPU
		{4F80994F-1DC3-4358-97F6-C334F50EE2A9}.Debug|Any CPU.ActiveCfg = Debug|Any CPU
		{4F80994F-1DC3-4358-97F6-C334F50EE2A9}.Debug|Any CPU.Build.0 = Debug|Any CPU
		{4F80994F-1DC3-4358-97F6-C334F50EE2A9}.Release|Any CPU.ActiveCfg = Release|Any CPU
		{4F80994F-1DC3-4358-97F6-C334F50EE2A9}.Release|Any CPU.Build.0 = Release|Any CPU
		{F213181C-89D2-48DC-B7E4-F186AA8D11BF}.Debug|Any CPU.ActiveCfg = Debug|Any CPU
		{F213181C-89D2-48DC-B7E4-F186AA8D11BF}.Debug|Any CPU.Build.0 = Debug|Any CPU
		{F213181C-89D2-48DC-B7E4-F186AA8D11BF}.Release|Any CPU.ActiveCfg = Release|Any CPU
		{F213181C-89D2-48DC-B7E4-F186AA8D11BF}.Release|Any CPU.Build.0 = Release|Any CPU
		{9A4A1EEE-AC00-4170-9902-FCC8E79616C8}.Debug|Any CPU.ActiveCfg = Debug|Any CPU
		{9A4A1EEE-AC00-4170-9902-FCC8E79616C8}.Debug|Any CPU.Build.0 = Debug|Any CPU
		{9A4A1EEE-AC00-4170-9902-FCC8E79616C8}.Release|Any CPU.ActiveCfg = Release|Any CPU
		{9A4A1EEE-AC00-4170-9902-FCC8E79616C8}.Release|Any CPU.Build.0 = Release|Any CPU
	EndGlobalSection
	GlobalSection(SolutionProperties) = preSolution
		HideSolutionNode = FALSE
	EndGlobalSection
	GlobalSection(ExtensibilityGlobals) = postSolution
		SolutionGuid = {C77F1AB1-94C1-49F3-BC27-122B905E71B8}
	EndGlobalSection
EndGlobal
